// !$*UTF8*$!
{
	archiveVersion = 1;
	classes = {
	};
	objectVersion = 42;
	objects = {

/* Begin PBXBuildFile section */
		8D11072A0486CEB800E47090 /* MainMenu.nib in Resources */ = {isa = PBXBuildFile; fileRef = 29B97318FDCFA39411CA2CEA /* MainMenu.nib */; };
		8D11072B0486CEB800E47090 /* InfoPlist.strings in Resources */ = {isa = PBXBuildFile; fileRef = 089C165CFE840E0CC02AAC07 /* InfoPlist.strings */; };
		8D11072D0486CEB800E47090 /* main.m in Sources */ = {isa = PBXBuildFile; fileRef = 29B97316FDCFA39411CA2CEA /* main.m */; settings = {ATTRIBUTES = (); }; };
		D070DED20CD4920B003D2C5B /* DATXtract.icns in Resources */ = {isa = PBXBuildFile; fileRef = D070DED10CD4920B003D2C5B /* DATXtract.icns */; };
		D07B4CFA086D325D00F4FEC7 /* DATApplication.m in Sources */ = {isa = PBXBuildFile; fileRef = D07B4CF5086D325D00F4FEC7 /* DATApplication.m */; };
		D07B4CFC086D325D00F4FEC7 /* DATDrive.m in Sources */ = {isa = PBXBuildFile; fileRef = D07B4CF9086D325D00F4FEC7 /* DATDrive.m */; };
		D0C9470E08EE33BA004722F3 /* Info.plist in Resources */ = {isa = PBXBuildFile; fileRef = 8D1107310486CEB800E47090 /* Info.plist */; };
		D0C9471108EE33BC004722F3 /* DATController.m in Sources */ = {isa = PBXBuildFile; fileRef = D07B4CF7086D325D00F4FEC7 /* DATController.m */; };
		D0E6FE830CD428EF00659805 /* UserDefaults.plist in Resources */ = {isa = PBXBuildFile; fileRef = D0E6FE820CD428EF00659805 /* UserDefaults.plist */; };
		D0FE635108EE350100DAC4F6 /* IOKit.framework in Frameworks */ = {isa = PBXBuildFile; fileRef = D0B7948E086D18F200ACBE1B /* IOKit.framework */; };
		D0FE635808EE358F00DAC4F6 /* AppKit.framework in Frameworks */ = {isa = PBXBuildFile; fileRef = 29B97324FDCFA39411CA2CEA /* AppKit.framework */; };
/* End PBXBuildFile section */

/* Begin PBXFileReference section */
		089C165DFE840E0CC02AAC07 /* English */ = {isa = PBXFileReference; fileEncoding = 10; lastKnownFileType = text.plist.strings; name = English; path = English.lproj/InfoPlist.strings; sourceTree = "<group>"; };
		29B97316FDCFA39411CA2CEA /* main.m */ = {isa = PBXFileReference; fileEncoding = 4; lastKnownFileType = sourcecode.c.objc; path = main.m; sourceTree = "<group>"; };
		29B97319FDCFA39411CA2CEA /* English */ = {isa = PBXFileReference; lastKnownFileType = wrapper.nib; name = English; path = English.lproj/MainMenu.nib; sourceTree = "<group>"; };
		29B97324FDCFA39411CA2CEA /* AppKit.framework */ = {isa = PBXFileReference; lastKnownFileType = wrapper.framework; name = AppKit.framework; path = /System/Library/Frameworks/AppKit.framework; sourceTree = "<absolute>"; };
		8D1107310486CEB800E47090 /* Info.plist */ = {isa = PBXFileReference; fileEncoding = 4; lastKnownFileType = text.plist; path = Info.plist; sourceTree = "<group>"; };
		8D1107320486CEB800E47090 /* DATXtract.app */ = {isa = PBXFileReference; includeInIndex = 0; lastKnownFileType = wrapper.application; path = DATXtract.app; sourceTree = BUILT_PRODUCTS_DIR; };
		D070DED10CD4920B003D2C5B /* DATXtract.icns */ = {isa = PBXFileReference; lastKnownFileType = image.icns; path = DATXtract.icns; sourceTree = "<group>"; };
		D07B4CF4086D325D00F4FEC7 /* DATApplication.h */ = {isa = PBXFileReference; fileEncoding = 30; lastKnownFileType = sourcecode.c.h; name = DATApplication.h; path = source/DATApplication.h; sourceTree = "<group>"; };
		D07B4CF5086D325D00F4FEC7 /* DATApplication.m */ = {isa = PBXFileReference; fileEncoding = 30; lastKnownFileType = sourcecode.c.objc; name = DATApplication.m; path = source/DATApplication.m; sourceTree = "<group>"; };
		D07B4CF6086D325D00F4FEC7 /* DATController.h */ = {isa = PBXFileReference; fileEncoding = 30; lastKnownFileType = sourcecode.c.h; name = DATController.h; path = source/DATController.h; sourceTree = "<group>"; };
		D07B4CF7086D325D00F4FEC7 /* DATController.m */ = {isa = PBXFileReference; fileEncoding = 30; lastKnownFileType = sourcecode.c.objc; name = DATController.m; path = source/DATController.m; sourceTree = "<group>"; };
		D07B4CF8086D325D00F4FEC7 /* DATDrive.h */ = {isa = PBXFileReference; fileEncoding = 30; lastKnownFileType = sourcecode.c.h; name = DATDrive.h; path = source/DATDrive.h; sourceTree = "<group>"; };
		D07B4CF9086D325D00F4FEC7 /* DATDrive.m */ = {isa = PBXFileReference; fileEncoding = 30; lastKnownFileType = sourcecode.c.objc; name = DATDrive.m; path = source/DATDrive.m; sourceTree = "<group>"; };
		D0A9EFD108E7B95700932C37 /* LP_tables.h */ = {isa = PBXFileReference; fileEncoding = 4; lastKnownFileType = sourcecode.c.h; name = LP_tables.h; path = source/LP_tables.h; sourceTree = "<group>"; };
		D0B7948E086D18F200ACBE1B /* IOKit.framework */ = {isa = PBXFileReference; lastKnownFileType = wrapper.framework; name = IOKit.framework; path = /System/Library/Frameworks/IOKit.framework; sourceTree = "<absolute>"; };
		D0E6FE820CD428EF00659805 /* UserDefaults.plist */ = {isa = PBXFileReference; fileEncoding = 30; lastKnownFileType = text.xml; path = UserDefaults.plist; sourceTree = "<group>"; };
/* End PBXFileReference section */

/* Begin PBXFrameworksBuildPhase section */
		8D11072E0486CEB800E47090 /* Frameworks */ = {
			isa = PBXFrameworksBuildPhase;
			buildActionMask = 2147483647;
			files = (
				D0FE635108EE350100DAC4F6 /* IOKit.framework in Frameworks */,
				D0FE635808EE358F00DAC4F6 /* AppKit.framework in Frameworks */,
			);
			runOnlyForDeploymentPostprocessing = 0;
		};
/* End PBXFrameworksBuildPhase section */

/* Begin PBXGroup section */
		080E96DDFE201D6D7F000001 /* Classes */ = {
			isa = PBXGroup;
			children = (
				D07B4CF4086D325D00F4FEC7 /* DATApplication.h */,
				D07B4CF5086D325D00F4FEC7 /* DATApplication.m */,
				D07B4CF6086D325D00F4FEC7 /* DATController.h */,
				D07B4CF7086D325D00F4FEC7 /* DATController.m */,
				D07B4CF8086D325D00F4FEC7 /* DATDrive.h */,
				D07B4CF9086D325D00F4FEC7 /* DATDrive.m */,
				D0A9EFD108E7B95700932C37 /* LP_tables.h */,
			);
			name = Classes;
			sourceTree = "<group>";
		};
		1058C7A0FEA54F0111CA2CBB /* Linked Frameworks */ = {
			isa = PBXGroup;
			children = (
				29B97324FDCFA39411CA2CEA /* AppKit.framework */,
				D0B7948E086D18F200ACBE1B /* IOKit.framework */,
			);
			name = "Linked Frameworks";
			sourceTree = "<group>";
		};
		1058C7A2FEA54F0111CA2CBB /* Other Frameworks */ = {
			isa = PBXGroup;
			children = (
			);
			name = "Other Frameworks";
			sourceTree = "<group>";
		};
		19C28FACFE9D520D11CA2CBB /* Products */ = {
			isa = PBXGroup;
			children = (
				8D1107320486CEB800E47090 /* DATXtract.app */,
			);
			name = Products;
			sourceTree = "<group>";
		};
		29B97314FDCFA39411CA2CEA /* DATXtract */ = {
			isa = PBXGroup;
			children = (
				080E96DDFE201D6D7F000001 /* Classes */,
				29B97315FDCFA39411CA2CEA /* Other Sources */,
				29B97317FDCFA39411CA2CEA /* Resources */,
				29B97323FDCFA39411CA2CEA /* Frameworks */,
				19C28FACFE9D520D11CA2CBB /* Products */,
			);
			name = DATXtract;
			sourceTree = "<group>";
		};
		29B97315FDCFA39411CA2CEA /* Other Sources */ = {
			isa = PBXGroup;
			children = (
				29B97316FDCFA39411CA2CEA /* main.m */,
			);
			name = "Other Sources";
			sourceTree = "<group>";
		};
		29B97317FDCFA39411CA2CEA /* Resources */ = {
			isa = PBXGroup;
			children = (
				D070DED10CD4920B003D2C5B /* DATXtract.icns */,
				8D1107310486CEB800E47090 /* Info.plist */,
				089C165CFE840E0CC02AAC07 /* InfoPlist.strings */,
				D0E6FE820CD428EF00659805 /* UserDefaults.plist */,
				29B97318FDCFA39411CA2CEA /* MainMenu.nib */,
			);
			name = Resources;
			sourceTree = "<group>";
		};
		29B97323FDCFA39411CA2CEA /* Frameworks */ = {
			isa = PBXGroup;
			children = (
				1058C7A0FEA54F0111CA2CBB /* Linked Frameworks */,
				1058C7A2FEA54F0111CA2CBB /* Other Frameworks */,
			);
			name = Frameworks;
			sourceTree = "<group>";
		};
/* End PBXGroup section */

/* Begin PBXNativeTarget section */
		8D1107260486CEB800E47090 /* DATXtract */ = {
			isa = PBXNativeTarget;
			buildConfigurationList = D0DFEA67086CF394000875D9 /* Build configuration list for PBXNativeTarget "DATXtract" */;
			buildPhases = (
				8D1107290486CEB800E47090 /* Resources */,
				8D11072C0486CEB800E47090 /* Sources */,
				8D11072E0486CEB800E47090 /* Frameworks */,
			);
			buildRules = (
			);
			dependencies = (
			);
			name = DATXtract;
			productInstallPath = "$(HOME)/Applications";
			productName = DATXtract;
			productReference = 8D1107320486CEB800E47090 /* DATXtract.app */;
			productType = "com.apple.product-type.application";
		};
/* End PBXNativeTarget section */

/* Begin PBXProject section */
		29B97313FDCFA39411CA2CEA /* Project object */ = {
			isa = PBXProject;
			buildConfigurationList = D0DFEA6B086CF394000875D9 /* Build configuration list for PBXProject "DATXtract" */;
			hasScannedForEncodings = 1;
			mainGroup = 29B97314FDCFA39411CA2CEA /* DATXtract */;
			projectDirPath = "";
			targets = (
				8D1107260486CEB800E47090 /* DATXtract */,
			);
		};
/* End PBXProject section */

/* Begin PBXResourcesBuildPhase section */
		8D1107290486CEB800E47090 /* Resources */ = {
			isa = PBXResourcesBuildPhase;
			buildActionMask = 2147483647;
			files = (
				8D11072A0486CEB800E47090 /* MainMenu.nib in Resources */,
				8D11072B0486CEB800E47090 /* InfoPlist.strings in Resources */,
				D0C9470E08EE33BA004722F3 /* Info.plist in Resources */,
				D0E6FE830CD428EF00659805 /* UserDefaults.plist in Resources */,
				D070DED20CD4920B003D2C5B /* DATXtract.icns in Resources */,
			);
			runOnlyForDeploymentPostprocessing = 0;
		};
/* End PBXResourcesBuildPhase section */

/* Begin PBXSourcesBuildPhase section */
		8D11072C0486CEB800E47090 /* Sources */ = {
			isa = PBXSourcesBuildPhase;
			buildActionMask = 2147483647;
			files = (
				8D11072D0486CEB800E47090 /* main.m in Sources */,
				D07B4CFA086D325D00F4FEC7 /* DATApplication.m in Sources */,
				D07B4CFC086D325D00F4FEC7 /* DATDrive.m in Sources */,
				D0C9471108EE33BC004722F3 /* DATController.m in Sources */,
			);
			runOnlyForDeploymentPostprocessing = 0;
		};
/* End PBXSourcesBuildPhase section */

/* Begin PBXVariantGroup section */
		089C165CFE840E0CC02AAC07 /* InfoPlist.strings */ = {
			isa = PBXVariantGroup;
			children = (
				089C165DFE840E0CC02AAC07 /* English */,
			);
			name = InfoPlist.strings;
			sourceTree = "<group>";
		};
		29B97318FDCFA39411CA2CEA /* MainMenu.nib */ = {
			isa = PBXVariantGroup;
			children = (
				29B97319FDCFA39411CA2CEA /* English */,
			);
			name = MainMenu.nib;
			sourceTree = "<group>";
		};
/* End PBXVariantGroup section */

/* Begin XCBuildConfiguration section */
		D0DFEA68086CF394000875D9 /* Debug */ = {
			isa = XCBuildConfiguration;
			buildSettings = {
				COPY_PHASE_STRIP = NO;
				GCC_DYNAMIC_NO_PIC = NO;
				GCC_ENABLE_FIX_AND_CONTINUE = YES;
				GCC_GENERATE_DEBUGGING_SYMBOLS = YES;
				GCC_OPTIMIZATION_LEVEL = 0;
				GCC_PRECOMPILE_PREFIX_HEADER = YES;
				GCC_PREFIX_HEADER = DATXtract_Prefix.pch;
				GCC_WARN_ABOUT_RETURN_TYPE = YES;
				GCC_WARN_UNUSED_VARIABLE = YES;
				INFOPLIST_FILE = Info.plist;
				INSTALL_PATH = "$(HOME)/Applications";
				PREBINDING = NO;
				PRODUCT_NAME = DATXtract;
				WRAPPER_EXTENSION = app;
				ZERO_LINK = YES;
			};
			name = Debug;
		};
		D0DFEA69086CF394000875D9 /* Release */ = {
			isa = XCBuildConfiguration;
			buildSettings = {
				COPY_PHASE_STRIP = YES;
				GCC_ENABLE_FIX_AND_CONTINUE = NO;
				GCC_GENERATE_DEBUGGING_SYMBOLS = NO;
				GCC_PRECOMPILE_PREFIX_HEADER = YES;
				GCC_PREFIX_HEADER = DATXtract_Prefix.pch;
				GCC_WARN_ABOUT_RETURN_TYPE = YES;
				GCC_WARN_UNUSED_VARIABLE = YES;
				INFOPLIST_FILE = Info.plist;
				INSTALL_PATH = "$(HOME)/Applications";
				PREBINDING = NO;
				PRODUCT_NAME = DATXtract;
				WRAPPER_EXTENSION = app;
				ZERO_LINK = NO;
			};
			name = Release;
		};
		D0DFEA6A086CF394000875D9 /* Default */ = {
			isa = XCBuildConfiguration;
			buildSettings = {
				GCC_GENERATE_DEBUGGING_SYMBOLS = NO;
				GCC_PRECOMPILE_PREFIX_HEADER = YES;
				GCC_PREFIX_HEADER = DATXtract_Prefix.pch;
				GCC_WARN_ABOUT_RETURN_TYPE = YES;
				GCC_WARN_UNUSED_VARIABLE = YES;
				INFOPLIST_FILE = Info.plist;
				INSTALL_PATH = "$(HOME)/Applications";
				PRODUCT_NAME = DATXtract;
				WRAPPER_EXTENSION = app;
			};
			name = Default;
		};
		D0DFEA6C086CF394000875D9 /* Debug */ = {
			isa = XCBuildConfiguration;
			buildSettings = {
				SDKROOT = /Developer/SDKs/MacOSX10.2.8.sdk;
			};
			name = Debug;
		};
		D0DFEA6D086CF394000875D9 /* Release */ = {
			isa = XCBuildConfiguration;
			buildSettings = {
				SDKROOT = /Developer/SDKs/MacOSX10.2.8.sdk;
			};
			name = Release;
		};
		D0DFEA6E086CF394000875D9 /* Default */ = {
			isa = XCBuildConfiguration;
			buildSettings = {
				SDKROOT = /Developer/SDKs/MacOSX10.2.8.sdk;
			};
			name = Default;
		};
/* End XCBuildConfiguration section */

/* Begin XCConfigurationList section */
		D0DFEA67086CF394000875D9 /* Build configuration list for PBXNativeTarget "DATXtract" */ = {
			isa = XCConfigurationList;
			buildConfigurations = (
				D0DFEA68086CF394000875D9 /* Debug */,
				D0DFEA69086CF394000875D9 /* Release */,
				D0DFEA6A086CF394000875D9 /* Default */,
			);
			defaultConfigurationIsVisible = 0;
			defaultConfigurationName = Default;
		};
		D0DFEA6B086CF394000875D9 /* Build configuration list for PBXProject "DATXtract" */ = {
			isa = XCConfigurationList;
			buildConfigurations = (
				D0DFEA6C086CF394000875D9 /* Debug */,
				D0DFEA6D086CF394000875D9 /* Release */,
				D0DFEA6E086CF394000875D9 /* Default */,
			);
			defaultConfigurationIsVisible = 0;
			defaultConfigurationName = Default;
		};
/* End XCConfigurationList section */
	};
	rootObject = 29B97313FDCFA39411CA2CEA /* Project object */;
}
